{
  "originHash" : "4ce4cd3c2ea26dfaa11e8557b10df9425c62553527054d2ac3927d64668f84fe",
  "pins" : [
    {
      "identity" : "filemanagerprotocol",
      "kind" : "remoteSourceControl",
      "location" : "https://github.com/Ryu0118/FileManagerProtocol",
      "state" : {
        "revision" : "64a9b362f9dcd933f6dad82603c2ab0ff23863fc",
        "version" : "0.1.0"
      }
    },
    {
      "identity" : "filesystem",
      "kind" : "remoteSourceControl",
      "location" : "https://github.com/tuist/FileSystem",
      "state" : {
        "revision" : "c434f95fec5d9a984626a1804382053ab91676a8",
        "version" : "0.19.0"
      }
    },
    {
      "identity" : "path",
      "kind" : "remoteSourceControl",
      "location" : "https://github.com/tuist/Path",
      "state" : {
        "revision" : "7c74ac435e03a927c3a73134c48b61e60221abcb",
        "version" : "0.3.8"
      }
    },
    {
      "identity" : "swift-argument-parser",
      "kind" : "remoteSourceControl",
      "location" : "https://github.com/apple/swift-argument-parser",
      "state" : {
        "revision" : "6a52f3251125d74daf04fcbd5e6f08a75d074382",
        "version" : "1.8.2"
      }
    },
    {
      "identity" : "swift-interaction",
      "kind" : "remoteSourceControl",
      "location" : "https://github.com/Ryu0118/swift-interaction",
      "state" : {
        "revision" : "a2306079edb72712e4e8b262b4d420d292200009",
        "version" : "0.2.0"
      }
    },
    {
      "identity" : "swift-log",
      "kind" : "remoteSourceControl",
      "location" : "https://github.com/apple/swift-log",
      "state" : {
        "revision" : "9c6fb14227f55d8f711ce3847dc2f419fb0ecacb",
        "version" : "1.15.1"
      }
    },
    {
      "identity" : "yams",
      "kind" : "remoteSourceControl",
      "location" : "https://github.com/jpsim/Yams",
      "state" : {
        "revision" : "a27b21e0c81c5bf42049b897a62aaf387e80f279",
        "version" : "6.2.2"
      }
    },
    {
      "identity" : "zipfoundation",
      "kind" : "remoteSourceControl",
      "location" : "https://github.com/tuist/ZIPFoundation",
      "state" : {
        "revision" : "dfdbf2b3c96f220d4af7bbabc2cd38671f0bd06d",
        "version" : "0.9.22"
      }
    }
  ],
  "version" : 3
}
